
Microsoft Visual Studio Solution File, Format Version 12.00
# Visual Studio Version 17
VisualStudioVersion = 17.3.32811.315
MinimumVisualStudioVersion = 10.0.40219.1
Project("{2150E333-8FDC-42A3-9474-1A3956D46DE8}") = "Clase 1", "Clase 1", "{03E91E6F-7BBF-4A80-9FC8-4C19DCDC2293}"
EndProject
Project("{9A19103F-16F7-4668-BE54-9A1E7A4F7556}") = "1 Ejercicio I01", "..\1 Ejercicio I01\1 Ejercicio I01.csproj", "{E388F99A-C03F-4C6F-812B-D8E83E81C00E}"
EndProject
Project("{9A19103F-16F7-4668-BE54-9A1E7A4F7556}") = "Clase 1", "..\Clase 1\Clase 1.csproj", "{AF3B35DF-FE08-4FCE-AA82-57BFF126DC92}"
EndProject
Project("{2150E333-8FDC-42A3-9474-1A3956D46DE8}") = "Clase 8", "Clase 8", "{AB6ACF59-BD88-45C8-90CD-FC10E46B1334}"
EndProject
Project("{2150E333-8FDC-42A3-9474-1A3956D46DE8}") = "Clase 7", "Clase 7", "{E0044BA3-63C8-4C2A-BE9A-0E4824FB9266}"
EndProject
Project("{9A19103F-16F7-4668-BE54-9A1E7A4F7556}") = "Entidades", "Entidades\Entidades.csproj", "{B1AA2DA3-9190-4DDC-A92E-284AD6572D3C}"
EndProject
Project("{9A19103F-16F7-4668-BE54-9A1E7A4F7556}") = "8 Ejercicio I01 - Puesto de atención", "8 Ejercicio I01 - Puesto de atención\8 Ejercicio I01 - Puesto de atención.csproj", "{33F4679A-9E65-4E09-9843-9F4D9A463CC7}"
EndProject
Project("{2150E333-8FDC-42A3-9474-1A3956D46DE8}") = "Clase 9", "Clase 9", "{56F2FB33-C74B-477C-85C5-A708F0043116}"
EndProject
Project("{FAE04EC0-301F-11D3-BF4B-00C04F79EFBC}") = "Herencia", "Herencia\Herencia.csproj", "{85EAF1CF-79BF-4432-B096-3F70F0A8E4D9}"
EndProject
Project("{FAE04EC0-301F-11D3-BF4B-00C04F79EFBC}") = "Entidades_9", "9 Ejercicio I01 - El viajar es un placer\Entidades_9.csproj", "{874348DD-7817-4B58-AF6E-D8373D2791DD}"
EndProject
Project("{FAE04EC0-301F-11D3-BF4B-00C04F79EFBC}") = "El viajar es un placer", "El viajar es un placer\El viajar es un placer.csproj", "{5C680CA5-C479-4051-94A1-97BB753FA1CE}"
EndProject
Project("{FAE04EC0-301F-11D3-BF4B-00C04F79EFBC}") = "_9_Ejercicio C01 - Herencia deportiva", "_9_Ejercicio C01 - Herencia deportiva\_9_Ejercicio C01 - Herencia deportiva.csproj", "{64E1298E-3197-4F0C-B1D3-75C50D7EBF39}"
EndProject
Project("{FAE04EC0-301F-11D3-BF4B-00C04F79EFBC}") = "Entidades_C01", "Entidades_C01\Entidades_C01.csproj", "{A2706BAF-6499-4814-AC53-FB44A2EF8F01}"
EndProject
Global
	GlobalSection(SolutionConfigurationPlatforms) = preSolution
		Debug|Any CPU = Debug|Any CPU
		Release|Any CPU = Release|Any CPU
	EndGlobalSection
	GlobalSection(ProjectConfigurationPlatforms) = postSolution
		{E388F99A-C03F-4C6F-812B-D8E83E81C00E}.Debug|Any CPU.ActiveCfg = Debug|Any CPU
		{E388F99A-C03F-4C6F-812B-D8E83E81C00E}.Debug|Any CPU.Build.0 = Debug|Any CPU
		{E388F99A-C03F-4C6F-812B-D8E83E81C00E}.Release|Any CPU.ActiveCfg = Release|Any CPU
		{E388F99A-C03F-4C6F-812B-D8E83E81C00E}.Release|Any CPU.Build.0 = Release|Any CPU
		{AF3B35DF-FE08-4FCE-AA82-57BFF126DC92}.Debug|Any CPU.ActiveCfg = Debug|Any CPU
		{AF3B35DF-FE08-4FCE-AA82-57BFF126DC92}.Debug|Any CPU.Build.0 = Debug|Any CPU
		{AF3B35DF-FE08-4FCE-AA82-57BFF126DC92}.Release|Any CPU.ActiveCfg = Release|Any CPU
		{AF3B35DF-FE08-4FCE-AA82-57BFF126DC92}.Release|Any CPU.Build.0 = Release|Any CPU
		{B1AA2DA3-9190-4DDC-A92E-284AD6572D3C}.Debug|Any CPU.ActiveCfg = Debug|Any CPU
		{B1AA2DA3-9190-4DDC-A92E-284AD6572D3C}.Debug|Any CPU.Build.0 = Debug|Any CPU
		{B1AA2DA3-9190-4DDC-A92E-284AD6572D3C}.Release|Any CPU.ActiveCfg = Release|Any CPU
		{B1AA2DA3-9190-4DDC-A92E-284AD6572D3C}.Release|Any CPU.Build.0 = Release|Any CPU
		{33F4679A-9E65-4E09-9843-9F4D9A463CC7}.Debug|Any CPU.ActiveCfg = Debug|Any CPU
		{33F4679A-9E65-4E09-9843-9F4D9A463CC7}.Debug|Any CPU.Build.0 = Debug|Any CPU
		{33F4679A-9E65-4E09-9843-9F4D9A463CC7}.Release|Any CPU.ActiveCfg = Release|Any CPU
		{33F4679A-9E65-4E09-9843-9F4D9A463CC7}.Release|Any CPU.Build.0 = Release|Any CPU
		{85EAF1CF-79BF-4432-B096-3F70F0A8E4D9}.Debug|Any CPU.ActiveCfg = Debug|Any CPU
		{85EAF1CF-79BF-4432-B096-3F70F0A8E4D9}.Debug|Any CPU.Build.0 = Debug|Any CPU
		{85EAF1CF-79BF-4432-B096-3F70F0A8E4D9}.Release|Any CPU.ActiveCfg = Release|Any CPU
		{85EAF1CF-79BF-4432-B096-3F70F0A8E4D9}.Release|Any CPU.Build.0 = Release|Any CPU
		{874348DD-7817-4B58-AF6E-D8373D2791DD}.Debug|Any CPU.ActiveCfg = Debug|Any CPU
		{874348DD-7817-4B58-AF6E-D8373D2791DD}.Debug|Any CPU.Build.0 = Debug|Any CPU
		{874348DD-7817-4B58-AF6E-D8373D2791DD}.Release|Any CPU.ActiveCfg = Release|Any CPU
		{874348DD-7817-4B58-AF6E-D8373D2791DD}.Release|Any CPU.Build.0 = Release|Any CPU
		{5C680CA5-C479-4051-94A1-97BB753FA1CE}.Debug|Any CPU.ActiveCfg = Debug|Any CPU
		{5C680CA5-C479-4051-94A1-97BB753FA1CE}.Debug|Any CPU.Build.0 = Debug|Any CPU
		{5C680CA5-C479-4051-94A1-97BB753FA1CE}.Release|Any CPU.ActiveCfg = Release|Any CPU
		{5C680CA5-C479-4051-94A1-97BB753FA1CE}.Release|Any CPU.Build.0 = Release|Any CPU
		{64E1298E-3197-4F0C-B1D3-75C50D7EBF39}.Debug|Any CPU.ActiveCfg = Debug|Any CPU
		{64E1298E-3197-4F0C-B1D3-75C50D7EBF39}.Debug|Any CPU.Build.0 = Debug|Any CPU
		{64E1298E-3197-4F0C-B1D3-75C50D7EBF39}.Release|Any CPU.ActiveCfg = Release|Any CPU
		{64E1298E-3197-4F0C-B1D3-75C50D7EBF39}.Release|Any CPU.Build.0 = Release|Any CPU
		{A2706BAF-6499-4814-AC53-FB44A2EF8F01}.Debug|Any CPU.ActiveCfg = Debug|Any CPU
		{A2706BAF-6499-4814-AC53-FB44A2EF8F01}.Debug|Any CPU.Build.0 = Debug|Any CPU
		{A2706BAF-6499-4814-AC53-FB44A2EF8F01}.Release|Any CPU.ActiveCfg = Release|Any CPU
		{A2706BAF-6499-4814-AC53-FB44A2EF8F01}.Release|Any CPU.Build.0 = Release|Any CPU
	EndGlobalSection
	GlobalSection(SolutionProperties) = preSolution
		HideSolutionNode = FALSE
	EndGlobalSection
	GlobalSection(NestedProjects) = preSolution
		{E388F99A-C03F-4C6F-812B-D8E83E81C00E} = {03E91E6F-7BBF-4A80-9FC8-4C19DCDC2293}
		{AF3B35DF-FE08-4FCE-AA82-57BFF126DC92} = {03E91E6F-7BBF-4A80-9FC8-4C19DCDC2293}
		{B1AA2DA3-9190-4DDC-A92E-284AD6572D3C} = {AB6ACF59-BD88-45C8-90CD-FC10E46B1334}
		{33F4679A-9E65-4E09-9843-9F4D9A463CC7} = {AB6ACF59-BD88-45C8-90CD-FC10E46B1334}
		{85EAF1CF-79BF-4432-B096-3F70F0A8E4D9} = {56F2FB33-C74B-477C-85C5-A708F0043116}
		{874348DD-7817-4B58-AF6E-D8373D2791DD} = {56F2FB33-C74B-477C-85C5-A708F0043116}
		{5C680CA5-C479-4051-94A1-97BB753FA1CE} = {56F2FB33-C74B-477C-85C5-A708F0043116}
		{64E1298E-3197-4F0C-B1D3-75C50D7EBF39} = {56F2FB33-C74B-477C-85C5-A708F0043116}
		{A2706BAF-6499-4814-AC53-FB44A2EF8F01} = {56F2FB33-C74B-477C-85C5-A708F0043116}
	EndGlobalSection
	GlobalSection(ExtensibilityGlobals) = postSolution
		SolutionGuid = {88BBBA72-A206-4777-9FE7-846994A8ACD9}
	EndGlobalSection
EndGlobal
